# This file is generated by running "yarn install" inside your project.
# Manual changes might be lost - proceed with caution!

__metadata:
  version: 7
  cacheKey: 9

"@esbuild/android-arm64@npm:0.17.13":
  version: 0.17.13
  resolution: "@esbuild/android-arm64@npm:0.17.13"
  conditions: os=android & cpu=arm64
  languageName: node
  linkType: hard

"@esbuild/android-arm@npm:0.17.13":
  version: 0.17.13
  resolution: "@esbuild/android-arm@npm:0.17.13"
  conditions: os=android & cpu=arm
  languageName: node
  linkType: hard

"@esbuild/android-x64@npm:0.17.13":
  version: 0.17.13
  resolution: "@esbuild/android-x64@npm:0.17.13"
  conditions: os=android & cpu=x64
  languageName: node
  linkType: hard

"@esbuild/darwin-arm64@npm:0.17.13":
  version: 0.17.13
  resolution: "@esbuild/darwin-arm64@npm:0.17.13"
  conditions: os=darwin & cpu=arm64
  languageName: node
  linkType: hard

"@esbuild/darwin-x64@npm:0.17.13":
  version: 0.17.13
  resolution: "@esbuild/darwin-x64@npm:0.17.13"
  conditions: os=darwin & cpu=x64
  languageName: node
  linkType: hard

"@esbuild/freebsd-arm64@npm:0.17.13":
  version: 0.17.13
  resolution: "@esbuild/freebsd-arm64@npm:0.17.13"
  conditions: os=freebsd & cpu=arm64
  languageName: node
  linkType: hard

"@esbuild/freebsd-x64@npm:0.17.13":
  version: 0.17.13
  resolution: "@esbuild/freebsd-x64@npm:0.17.13"
  conditions: os=freebsd & cpu=x64
  languageName: node
  linkType: hard

"@esbuild/linux-arm64@npm:0.17.13":
  version: 0.17.13
  resolution: "@esbuild/linux-arm64@npm:0.17.13"
  conditions: os=linux & cpu=arm64
  languageName: node
  linkType: hard

"@esbuild/linux-arm@npm:0.17.13":
  version: 0.17.13
  resolution: "@esbuild/linux-arm@npm:0.17.13"
  conditions: os=linux & cpu=arm
  languageName: node
  linkType: hard

"@esbuild/linux-ia32@npm:0.17.13":
  version: 0.17.13
  resolution: "@esbuild/linux-ia32@npm:0.17.13"
  conditions: os=linux & cpu=ia32
  languageName: node
  linkType: hard

"@esbuild/linux-loong64@npm:0.17.13":
  version: 0.17.13
  resolution: "@esbuild/linux-loong64@npm:0.17.13"
  conditions: os=linux & cpu=loong64
  languageName: node
  linkType: hard

"@esbuild/linux-mips64el@npm:0.17.13":
  version: 0.17.13
  resolution: "@esbuild/linux-mips64el@npm:0.17.13"
  conditions: os=linux & cpu=mips64el
  languageName: node
  linkType: hard

"@esbuild/linux-ppc64@npm:0.17.13":
  version: 0.17.13
  resolution: "@esbuild/linux-ppc64@npm:0.17.13"
  conditions: os=linux & cpu=ppc64
  languageName: node
  linkType: hard

"@esbuild/linux-riscv64@npm:0.17.13":
  version: 0.17.13
  resolution: "@esbuild/linux-riscv64@npm:0.17.13"
  conditions: os=linux & cpu=riscv64
  languageName: node
  linkType: hard

"@esbuild/linux-s390x@npm:0.17.13":
  version: 0.17.13
  resolution: "@esbuild/linux-s390x@npm:0.17.13"
  conditions: os=linux & cpu=s390x
  languageName: node
  linkType: hard

"@esbuild/linux-x64@npm:0.17.13":
  version: 0.17.13
  resolution: "@esbuild/linux-x64@npm:0.17.13"
  conditions: os=linux & cpu=x64
  languageName: node
  linkType: hard

"@esbuild/netbsd-x64@npm:0.17.13":
  version: 0.17.13
  resolution: "@esbuild/netbsd-x64@npm:0.17.13"
  conditions: os=netbsd & cpu=x64
  languageName: node
  linkType: hard

"@esbuild/openbsd-x64@npm:0.17.13":
  version: 0.17.13
  resolution: "@esbuild/openbsd-x64@npm:0.17.13"
  conditions: os=openbsd & cpu=x64
  languageName: node
  linkType: hard

"@esbuild/sunos-x64@npm:0.17.13":
  version: 0.17.13
  resolution: "@esbuild/sunos-x64@npm:0.17.13"
  conditions: os=sunos & cpu=x64
  languageName: node
  linkType: hard

"@esbuild/win32-arm64@npm:0.17.13":
  version: 0.17.13
  resolution: "@esbuild/win32-arm64@npm:0.17.13"
  conditions: os=win32 & cpu=arm64
  languageName: node
  linkType: hard

"@esbuild/win32-ia32@npm:0.17.13":
  version: 0.17.13
  resolution: "@esbuild/win32-ia32@npm:0.17.13"
  conditions: os=win32 & cpu=ia32
  languageName: node
  linkType: hard

"@esbuild/win32-x64@npm:0.17.13":
  version: 0.17.13
  resolution: "@esbuild/win32-x64@npm:0.17.13"
  conditions: os=win32 & cpu=x64
  languageName: node
  linkType: hard

"@melloware/coloris-react-demo@workspace:packages/demo":
  version: 0.0.0-use.local
  resolution: "@melloware/coloris-react-demo@workspace:packages/demo"
  dependencies:
    "@melloware/coloris-react": "workspace:*"
    "@types/react": "npm:^18.0.0"
    "@types/react-dom": "npm:^18.0.0"
    esbuild: "npm:^0.17.13"
    react: "npm:^18.0.0"
    react-dom: "npm:^18.0.0"
    typescript: "npm:^5.0.0"
  languageName: unknown
  linkType: soft

"@melloware/coloris-react-parent@workspace:.":
  version: 0.0.0-use.local
  resolution: "@melloware/coloris-react-parent@workspace:."
  dependencies:
    typescript: "npm:^5.0.0"
  languageName: unknown
  linkType: soft

"@melloware/coloris-react@workspace:*, @melloware/coloris-react@workspace:packages/react":
  version: 0.0.0-use.local
  resolution: "@melloware/coloris-react@workspace:packages/react"
  dependencies:
    "@melloware/coloris": "patch:@melloware/coloris@npm%3A0.18.0#~/.yarn/patches/@melloware-coloris-npm-0.18.0-1e5f08e615.patch"
    "@types/node": "npm:^18.15.10"
    "@types/react": "npm:>=18.0.0"
    esbuild: "npm:^0.17.13"
    typescript: "npm:^5.0.0"
  peerDependencies:
    "@types/react": ">=18.0.0"
    react: ">=18.0.0"
  languageName: unknown
  linkType: soft

"@melloware/coloris@npm:0.18.0":
  version: 0.18.0
  resolution: "@melloware/coloris@npm:0.18.0"
  checksum: 719194f96bb026fb0abe37d7baccfacace6fb04016845ff6fc4bdc12e347ed95c0a8f8e354d8e725c2aced30fa62e302a33923f594afc56675519b5aab0e8e4c
  languageName: node
  linkType: hard

"@melloware/coloris@patch:@melloware/coloris@npm%3A0.18.0#~/.yarn/patches/@melloware-coloris-npm-0.18.0-1e5f08e615.patch":
  version: 0.18.0
  resolution: "@melloware/coloris@patch:@melloware/coloris@npm%3A0.18.0#~/.yarn/patches/@melloware-coloris-npm-0.18.0-1e5f08e615.patch::version=0.18.0&hash=45fbf0"
  checksum: b68f3bc71ca9c89719a3e73cba2e06c650d3a705700f82c68e1335799cdcf2500d04f1e48cf6c14ee2f716cee92ecff43fd9ba9385b64aa7aea9e792c890c6bf
  languageName: node
  linkType: hard

"@types/node@npm:^18.15.10":
  version: 18.15.10
  resolution: "@types/node@npm:18.15.10"
  checksum: 7ff3edc6148a703debc568f512899246dded5c41c9d2c495fcac01d7dead1771661098891eda75e9f5bb12df8ed6b9b7a7d814606ac1a0e2e00682ef64d2beca
  languageName: node
  linkType: hard

"@types/prop-types@npm:*":
  version: 15.7.5
  resolution: "@types/prop-types@npm:15.7.5"
  checksum: a6e04a01e1f632cc3fa5fffd79779f2f83a8fec1293cdf29b5a02aa4e1a1b38a124e824205a40de4e66532a0fa33c4f60337b55cec635080ea2571e55910460f
  languageName: node
  linkType: hard

"@types/react-dom@npm:^18.0.0":
  version: 18.0.11
  resolution: "@types/react-dom@npm:18.0.11"
  dependencies:
    "@types/react": "npm:*"
  checksum: 429119548045bb8ca6f34522c2698973fb92a0ebb1f1b2afa061e41ae9d091d10d0cc9bbbfd52b3cfe948486898cfaaf29d3721650a6d52dc0d3ab81c0245b82
  languageName: node
  linkType: hard

"@types/react@npm:*, @types/react@npm:>=18.0.0, @types/react@npm:^18.0.0":
  version: 18.0.29
  resolution: "@types/react@npm:18.0.29"
  dependencies:
    "@types/prop-types": "npm:*"
    "@types/scheduler": "npm:*"
    csstype: "npm:^3.0.2"
  checksum: 09c4972ec3bcfc94d67dabd034db85136292e22ff686834fe08ead61182c019f01d87b167df5307dfd82b12eaebcf597888ac50a1363b2388b6617c1ae363eab
  languageName: node
  linkType: hard

"@types/scheduler@npm:*":
  version: 0.16.3
  resolution: "@types/scheduler@npm:0.16.3"
  checksum: 2bfdbd171397a218c87e98dc49e6d747c3cf34cecdcd1df2a05759ae7d5193dead67c68f2fe1ccf52c0c72b18eab75d155f0082913ce97b2fc37e8ef02d9115e
  languageName: node
  linkType: hard

"csstype@npm:^3.0.2":
  version: 3.1.1
  resolution: "csstype@npm:3.1.1"
  checksum: 39c4533f337cad38b9574a24b4b94bb203f091882295b6b4fb27e9e2b17148b188847f5fb728796af60bd0b80c502d510f89fe7ada3b661eaa6bca758c902036
  languageName: node
  linkType: hard

"esbuild@npm:^0.17.13":
  version: 0.17.13
  resolution: "esbuild@npm:0.17.13"
  dependencies:
    "@esbuild/android-arm": "npm:0.17.13"
    "@esbuild/android-arm64": "npm:0.17.13"
    "@esbuild/android-x64": "npm:0.17.13"
    "@esbuild/darwin-arm64": "npm:0.17.13"
    "@esbuild/darwin-x64": "npm:0.17.13"
    "@esbuild/freebsd-arm64": "npm:0.17.13"
    "@esbuild/freebsd-x64": "npm:0.17.13"
    "@esbuild/linux-arm": "npm:0.17.13"
    "@esbuild/linux-arm64": "npm:0.17.13"
    "@esbuild/linux-ia32": "npm:0.17.13"
    "@esbuild/linux-loong64": "npm:0.17.13"
    "@esbuild/linux-mips64el": "npm:0.17.13"
    "@esbuild/linux-ppc64": "npm:0.17.13"
    "@esbuild/linux-riscv64": "npm:0.17.13"
    "@esbuild/linux-s390x": "npm:0.17.13"
    "@esbuild/linux-x64": "npm:0.17.13"
    "@esbuild/netbsd-x64": "npm:0.17.13"
    "@esbuild/openbsd-x64": "npm:0.17.13"
    "@esbuild/sunos-x64": "npm:0.17.13"
    "@esbuild/win32-arm64": "npm:0.17.13"
    "@esbuild/win32-ia32": "npm:0.17.13"
    "@esbuild/win32-x64": "npm:0.17.13"
  dependenciesMeta:
    "@esbuild/android-arm":
      optional: true
    "@esbuild/android-arm64":
      optional: true
    "@esbuild/android-x64":
      optional: true
    "@esbuild/darwin-arm64":
      optional: true
    "@esbuild/darwin-x64":
      optional: true
    "@esbuild/freebsd-arm64":
      optional: true
    "@esbuild/freebsd-x64":
      optional: true
    "@esbuild/linux-arm":
      optional: true
    "@esbuild/linux-arm64":
      optional: true
    "@esbuild/linux-ia32":
      optional: true
    "@esbuild/linux-loong64":
      optional: true
    "@esbuild/linux-mips64el":
      optional: true
    "@esbuild/linux-ppc64":
      optional: true
    "@esbuild/linux-riscv64":
      optional: true
    "@esbuild/linux-s390x":
      optional: true
    "@esbuild/linux-x64":
      optional: true
    "@esbuild/netbsd-x64":
      optional: true
    "@esbuild/openbsd-x64":
      optional: true
    "@esbuild/sunos-x64":
      optional: true
    "@esbuild/win32-arm64":
      optional: true
    "@esbuild/win32-ia32":
      optional: true
    "@esbuild/win32-x64":
      optional: true
  bin:
    esbuild: bin/esbuild
  checksum: e59e08c60f99d1346a66633150cd3c2532c9c6d4069940465aeb51bab75db0e6304b9350ced51ed06e75b0f622cf7875568c649060ddf524af053bd0b076d711
  languageName: node
  linkType: hard

"js-tokens@npm:^3.0.0 || ^4.0.0":
  version: 4.0.0
  resolution: "js-tokens@npm:4.0.0"
  checksum: 47d1c18dc6b9eed4baf1db3d81b36feb95b463201c82ffce0d7a4d65ede596ba97d6ac2468974199705db9ef8a3433606af41fc7bbe7cb25c1dd601785413d9b
  languageName: node
  linkType: hard

"loose-envify@npm:^1.1.0":
  version: 1.4.0
  resolution: "loose-envify@npm:1.4.0"
  dependencies:
    js-tokens: "npm:^3.0.0 || ^4.0.0"
  bin:
    loose-envify: cli.js
  checksum: 39c5fc44c6a8f7f8a92cccf174554fbb307477ef493760407920fdd4ed5f6cc1aec5b6a5ab3c3767ef79547b3e1aea09d8ca08d773232c662d910cfe473a0590
  languageName: node
  linkType: hard

"react-dom@npm:^18.0.0":
  version: 18.2.0
  resolution: "react-dom@npm:18.2.0"
  dependencies:
    loose-envify: "npm:^1.1.0"
    scheduler: "npm:^0.23.0"
  peerDependencies:
    react: ^18.2.0
  checksum: 7c5b915fb793d63563cec1f721e059e6ff0e2855ac116ab5cb7450b6c59398f5e25f95c960ce5cb93504cc58ab724a75a78e99282354e702a0e667d0d787d028
  languageName: node
  linkType: hard

"react@npm:^18.0.0":
  version: 18.2.0
  resolution: "react@npm:18.2.0"
  dependencies:
    loose-envify: "npm:^1.1.0"
  checksum: 8434e5782c52b3bf18a80b666348977924ee3827895fa03ec3ffb9faca90c460049f14130428dd1546bab6cf3b2c277f2c243d3c2a856501331d2e69c24b2bb9
  languageName: node
  linkType: hard

"scheduler@npm:^0.23.0":
  version: 0.23.0
  resolution: "scheduler@npm:0.23.0"
  dependencies:
    loose-envify: "npm:^1.1.0"
  checksum: f4022b95cdc282668643da4850f55fe70c899aa956d11819f196e2ca892271bdb253613e53997852094f9351f7c72d057eea8b28d9b4bcb93bcb1c6d09985c82
  languageName: node
  linkType: hard

"typescript@npm:^5.0.0":
  version: 5.0.2
  resolution: "typescript@npm:5.0.2"
  bin:
    tsc: bin/tsc
    tsserver: bin/tsserver
  checksum: a305d149166e376acb51bcd1bab9f2ab55c5bd52d0b43f0e49b58ea5cf085cd7c0a3d38ea58f3991aa7b04c97907b6c17c8611334d7f0e54db3d31d7897d9661
  languageName: node
  linkType: hard

"typescript@patch:typescript@npm%3A^5.0.0#optional!builtin<compat/typescript>":
  version: 5.0.2
  resolution: "typescript@patch:typescript@npm%3A5.0.2#optional!builtin<compat/typescript>::version=5.0.2&hash=85af82"
  bin:
    tsc: bin/tsc
    tsserver: bin/tsserver
  checksum: 152c6851fd46cd63988ae112ede3b64aab3b10f9a33f5c8c5bab41af3bc0ec59dd265349da67890c80f1eba156a5beb0fb78ece94b40b3031c1eea3cece1e233
  languageName: node
  linkType: hard
